
Microsoft Visual Studio Solution File, Format Version 12.00
# Visual Studio 14
VisualStudioVersion = 14.0.25420.1
MinimumVisualStudioVersion = 10.0.40219.1
Project("{FAE04EC0-301F-11D3-BF4B-00C04F79EFBC}") = "Win32Console", "Win32Console\Win32Console.csproj", "{05500FD9-1940-4958-80C7-7D66FBDD955E}"
EndProject
Project("{FAE04EC0-301F-11D3-BF4B-00C04F79EFBC}") = "Samples", "Samples\Samples.csproj", "{B7F53967-D3B2-444C-B7BF-147AED2B4DD9}"
EndProject
Global
	GlobalSection(SolutionConfigurationPlatforms) = preSolution
		Debug|Any CPU = Debug|Any CPU
		Release|Any CPU = Release|Any CPU
	EndGlobalSection
	GlobalSection(ProjectConfigurationPlatforms) = postSolution
		{05500FD9-1940-4958-80C7-7D66FBDD955E}.Debug|Any CPU.ActiveCfg = Debug|Any CPU
		{05500FD9-1940-4958-80C7-7D66FBDD955E}.Debug|Any CPU.Build.0 = Debug|Any CPU
		{05500FD9-1940-4958-80C7-7D66FBDD955E}.Release|Any CPU.ActiveCfg = Release|Any CPU
		{05500FD9-1940-4958-80C7-7D66FBDD955E}.Release|Any CPU.Build.0 = Release|Any CPU
		{B7F53967-D3B2-444C-B7BF-147AED2B4DD9}.Debug|Any CPU.ActiveCfg = Debug|Any CPU
		{B7F53967-D3B2-444C-B7BF-147AED2B4DD9}.Debug|Any CPU.Build.0 = Debug|Any CPU
		{B7F53967-D3B2-444C-B7BF-147AED2B4DD9}.Release|Any CPU.ActiveCfg = Release|Any CPU
		{B7F53967-D3B2-444C-B7BF-147AED2B4DD9}.Release|Any CPU.Build.0 = Release|Any CPU
	EndGlobalSection
	GlobalSection(SolutionProperties) = preSolution
		HideSolutionNode = FALSE
	EndGlobalSection
EndGlobal
